
Microsoft Visual Studio Solution File, Format Version 12.00
# Visual Studio 15
VisualStudioVersion = 15.0.26730.8
MinimumVisualStudioVersion = 10.0.40219.1
Project("{FAE04EC0-301F-11D3-BF4B-00C04F79EFBC}") = "AsystentZakupow", "AsystentZakupow\AsystentZakupow.csproj", "{96A59B8B-A2C3-4C7C-8928-68E0401D8503}"
EndProject
Project("{FAE04EC0-301F-11D3-BF4B-00C04F79EFBC}") = "Sumator", "Sumator\Sumator.csproj", "{C38D0C5B-0132-4138-8C45-968E3F362C80}"
EndProject
Project("{FAE04EC0-301F-11D3-BF4B-00C04F79EFBC}") = "ModelWidoku", "ModelWidoku\ModelWidoku.csproj", "{5B6D14E2-71AC-471D-BD2F-A82B5031D057}"
EndProject
Project("{FAE04EC0-301F-11D3-BF4B-00C04F79EFBC}") = "Polecenie", "Polecenie\Polecenie.csproj", "{C4081746-4D69-40FD-B008-2DD90998A9CC}"
EndProject
Project("{FAE04EC0-301F-11D3-BF4B-00C04F79EFBC}") = "TestyJednostkoweModelu", "TestyJednostkoweModelu\TestyJednostkoweModelu.csproj", "{387F3F26-F554-4611-9E34-C92441A3E858}"
EndProject
Global
	GlobalSection(SolutionConfigurationPlatforms) = preSolution
		Debug|Any CPU = Debug|Any CPU
		Release|Any CPU = Release|Any CPU
	EndGlobalSection
	GlobalSection(ProjectConfigurationPlatforms) = postSolution
		{96A59B8B-A2C3-4C7C-8928-68E0401D8503}.Debug|Any CPU.ActiveCfg = Debug|Any CPU
		{96A59B8B-A2C3-4C7C-8928-68E0401D8503}.Debug|Any CPU.Build.0 = Debug|Any CPU
		{96A59B8B-A2C3-4C7C-8928-68E0401D8503}.Release|Any CPU.ActiveCfg = Release|Any CPU
		{96A59B8B-A2C3-4C7C-8928-68E0401D8503}.Release|Any CPU.Build.0 = Release|Any CPU
		{C38D0C5B-0132-4138-8C45-968E3F362C80}.Debug|Any CPU.ActiveCfg = Debug|Any CPU
		{C38D0C5B-0132-4138-8C45-968E3F362C80}.Debug|Any CPU.Build.0 = Debug|Any CPU
		{C38D0C5B-0132-4138-8C45-968E3F362C80}.Release|Any CPU.ActiveCfg = Release|Any CPU
		{C38D0C5B-0132-4138-8C45-968E3F362C80}.Release|Any CPU.Build.0 = Release|Any CPU
		{5B6D14E2-71AC-471D-BD2F-A82B5031D057}.Debug|Any CPU.ActiveCfg = Debug|Any CPU
		{5B6D14E2-71AC-471D-BD2F-A82B5031D057}.Debug|Any CPU.Build.0 = Debug|Any CPU
		{5B6D14E2-71AC-471D-BD2F-A82B5031D057}.Release|Any CPU.ActiveCfg = Release|Any CPU
		{5B6D14E2-71AC-471D-BD2F-A82B5031D057}.Release|Any CPU.Build.0 = Release|Any CPU
		{C4081746-4D69-40FD-B008-2DD90998A9CC}.Debug|Any CPU.ActiveCfg = Debug|Any CPU
		{C4081746-4D69-40FD-B008-2DD90998A9CC}.Debug|Any CPU.Build.0 = Debug|Any CPU
		{C4081746-4D69-40FD-B008-2DD90998A9CC}.Release|Any CPU.ActiveCfg = Release|Any CPU
		{C4081746-4D69-40FD-B008-2DD90998A9CC}.Release|Any CPU.Build.0 = Release|Any CPU
		{387F3F26-F554-4611-9E34-C92441A3E858}.Debug|Any CPU.ActiveCfg = Debug|Any CPU
		{387F3F26-F554-4611-9E34-C92441A3E858}.Debug|Any CPU.Build.0 = Debug|Any CPU
		{387F3F26-F554-4611-9E34-C92441A3E858}.Release|Any CPU.ActiveCfg = Release|Any CPU
		{387F3F26-F554-4611-9E34-C92441A3E858}.Release|Any CPU.Build.0 = Release|Any CPU
	EndGlobalSection
	GlobalSection(SolutionProperties) = preSolution
		HideSolutionNode = FALSE
	EndGlobalSection
	GlobalSection(ExtensibilityGlobals) = postSolution
		SolutionGuid = {1721D651-2667-4C55-8278-FBFA08412CA4}
	EndGlobalSection
EndGlobal
